
Microsoft Visual Studio Solution File, Format Version 12.00
# Visual Studio Version 16
VisualStudioVersion = 16.0.31624.102
MinimumVisualStudioVersion = 10.0.40219.1
Project("{FAE04EC0-301F-11D3-BF4B-00C04F79EFBC}") = "TA_Application_MVC", "TA_Application_MVC\TA_Application_MVC.csproj", "{3528472C-813E-4037-9F0C-5E6B2157F2DC}"
EndProject
Global
	GlobalSection(SolutionConfigurationPlatforms) = preSolution
		Debug|Any CPU = Debug|Any CPU
		Release|Any CPU = Release|Any CPU
	EndGlobalSection
	GlobalSection(ProjectConfigurationPlatforms) = postSolution
		{3528472C-813E-4037-9F0C-5E6B2157F2DC}.Debug|Any CPU.ActiveCfg = Debug|Any CPU
		{3528472C-813E-4037-9F0C-5E6B2157F2DC}.Debug|Any CPU.Build.0 = Debug|Any CPU
		{3528472C-813E-4037-9F0C-5E6B2157F2DC}.Release|Any CPU.ActiveCfg = Release|Any CPU
		{3528472C-813E-4037-9F0C-5E6B2157F2DC}.Release|Any CPU.Build.0 = Release|Any CPU
	EndGlobalSection
	GlobalSection(SolutionProperties) = preSolution
		HideSolutionNode = FALSE
	EndGlobalSection
	GlobalSection(ExtensibilityGlobals) = postSolution
		SolutionGuid = {1400CF6A-9ADD-4786-9F35-5F497F33609C}
	EndGlobalSection
EndGlobal
